
Microsoft Visual Studio Solution File, Format Version 12.00
# Visual Studio Version 16
VisualStudioVersion = 16.0.30523.141
MinimumVisualStudioVersion = 10.0.40219.1
Project("{FAE04EC0-301F-11D3-BF4B-00C04F79EFBC}") = "WebAppForCiTest", "WebAppForCiTest.csproj", "{6E0DB7E4-69D5-4211-967B-0DC4D45CA788}"
EndProject
Global
	GlobalSection(SolutionConfigurationPlatforms) = preSolution
		Debug|Any CPU = Debug|Any CPU
		Release|Any CPU = Release|Any CPU
	EndGlobalSection
	GlobalSection(ProjectConfigurationPlatforms) = postSolution
		{6E0DB7E4-69D5-4211-967B-0DC4D45CA788}.Debug|Any CPU.ActiveCfg = Debug|Any CPU
		{6E0DB7E4-69D5-4211-967B-0DC4D45CA788}.Debug|Any CPU.Build.0 = Debug|Any CPU
		{6E0DB7E4-69D5-4211-967B-0DC4D45CA788}.Release|Any CPU.ActiveCfg = Release|Any CPU
		{6E0DB7E4-69D5-4211-967B-0DC4D45CA788}.Release|Any CPU.Build.0 = Release|Any CPU
	EndGlobalSection
	GlobalSection(SolutionProperties) = preSolution
		HideSolutionNode = FALSE
	EndGlobalSection
	GlobalSection(ExtensibilityGlobals) = postSolution
		SolutionGuid = {B42A9298-E63F-4035-9B9B-AF132301ADDF}
	EndGlobalSection
EndGlobal
